// !$*UTF8*$!
{
	archiveVersion = 1;
	classes = {
	};
	objectVersion = 56;
	objects = {

/* Begin PBXBuildFile section */
		1B6A3836293D3B4F0085CACC /* AudioViewModel.swift in Sources */ = {isa = PBXBuildFile; fileRef = 1B6A3835293D3B4F0085CACC /* AudioViewModel.swift */; };
		1B6A3838293D3C520085CACC /* Rasengan.mp3 in Resources */ = {isa = PBXBuildFile; fileRef = 1B6A3837293D3C510085CACC /* Rasengan.mp3 */; };
		1B6A383A293D3E380085CACC /* Shinra Tensei.mp3 in Resources */ = {isa = PBXBuildFile; fileRef = 1B6A3839293D3E380085CACC /* Shinra Tensei.mp3 */; };
		1B6A383C293D3E9B0085CACC /* Chidori.mp3 in Resources */ = {isa = PBXBuildFile; fileRef = 1B6A383B293D3E9B0085CACC /* Chidori.mp3 */; };
		1B6A383E293D40390085CACC /* Kage Bunshin.mp3 in Resources */ = {isa = PBXBuildFile; fileRef = 1B6A383D293D40390085CACC /* Kage Bunshin.mp3 */; };
		1B6A3840293D40410085CACC /* Hiraishin.mp3 in Resources */ = {isa = PBXBuildFile; fileRef = 1B6A383F293D40410085CACC /* Hiraishin.mp3 */; };
		1B89158D293D38B1007B3F60 /* NinshuApp.swift in Sources */ = {isa = PBXBuildFile; fileRef = 1B89158C293D38B1007B3F60 /* NinshuApp.swift */; };
		1B89158F293D38B1007B3F60 /* ContentView.swift in Sources */ = {isa = PBXBuildFile; fileRef = 1B89158E293D38B1007B3F60 /* ContentView.swift */; };
		1B891591293D38B3007B3F60 /* Assets.xcassets in Resources */ = {isa = PBXBuildFile; fileRef = 1B891590293D38B3007B3F60 /* Assets.xcassets */; };
		1B891594293D38B3007B3F60 /* Preview Assets.xcassets in Resources */ = {isa = PBXBuildFile; fileRef = 1B891593293D38B3007B3F60 /* Preview Assets.xcassets */; };
/* End PBXBuildFile section */

/* Begin PBXFileReference section */
		1B6A3835293D3B4F0085CACC /* AudioViewModel.swift */ = {isa = PBXFileReference; lastKnownFileType = sourcecode.swift; path = AudioViewModel.swift; sourceTree = "<group>"; };
		1B6A3837293D3C510085CACC /* Rasengan.mp3 */ = {isa = PBXFileReference; lastKnownFileType = audio.mp3; path = Rasengan.mp3; sourceTree = "<group>"; };
		1B6A3839293D3E380085CACC /* Shinra Tensei.mp3 */ = {isa = PBXFileReference; lastKnownFileType = audio.mp3; path = "Shinra Tensei.mp3"; sourceTree = "<group>"; };
		1B6A383B293D3E9B0085CACC /* Chidori.mp3 */ = {isa = PBXFileReference; lastKnownFileType = audio.mp3; path = Chidori.mp3; sourceTree = "<group>"; };
		1B6A383D293D40390085CACC /* Kage Bunshin.mp3 */ = {isa = PBXFileReference; lastKnownFileType = audio.mp3; path = "Kage Bunshin.mp3"; sourceTree = "<group>"; };
		1B6A383F293D40410085CACC /* Hiraishin.mp3 */ = {isa = PBXFileReference; lastKnownFileType = audio.mp3; path = Hiraishin.mp3; sourceTree = "<group>"; };
		1B891589293D38B1007B3F60 /* Ninshu Watch App.app */ = {isa = PBXFileReference; explicitFileType = wrapper.application; includeInIndex = 0; path = "Ninshu Watch App.app"; sourceTree = BUILT_PRODUCTS_DIR; };
		1B89158C293D38B1007B3F60 /* NinshuApp.swift */ = {isa = PBXFileReference; lastKnownFileType = sourcecode.swift; path = NinshuApp.swift; sourceTree = "<group>"; };
		1B89158E293D38B1007B3F60 /* ContentView.swift */ = {isa = PBXFileReference; lastKnownFileType = sourcecode.swift; path = ContentView.swift; sourceTree = "<group>"; };
		1B891590293D38B3007B3F60 /* Assets.xcassets */ = {isa = PBXFileReference; lastKnownFileType = folder.assetcatalog; path = Assets.xcassets; sourceTree = "<group>"; };
		1B891593293D38B3007B3F60 /* Preview Assets.xcassets */ = {isa = PBXFileReference; lastKnownFileType = folder.assetcatalog; path = "Preview Assets.xcassets"; sourceTree = "<group>"; };
/* End PBXFileReference section */

/* Begin PBXFrameworksBuildPhase section */
		1B891586293D38B1007B3F60 /* Frameworks */ = {
			isa = PBXFrameworksBuildPhase;
			buildActionMask = 2147483647;
			files = (
			);
			runOnlyForDeploymentPostprocessing = 0;
		};
/* End PBXFrameworksBuildPhase section */

/* Begin PBXGroup section */
		1B891580293D38B1007B3F60 = {
			isa = PBXGroup;
			children = (
				1B89158B293D38B1007B3F60 /* Ninshu Watch App */,
				1B89158A293D38B1007B3F60 /* Products */,
			);
			sourceTree = "<group>";
		};
		1B89158A293D38B1007B3F60 /* Products */ = {
			isa = PBXGroup;
			children = (
				1B891589293D38B1007B3F60 /* Ninshu Watch App.app */,
			);
			name = Products;
			sourceTree = "<group>";
		};
		1B89158B293D38B1007B3F60 /* Ninshu Watch App */ = {
			isa = PBXGroup;
			children = (
				1B89158C293D38B1007B3F60 /* NinshuApp.swift */,
				1B89158E293D38B1007B3F60 /* ContentView.swift */,
				1B6A3835293D3B4F0085CACC /* AudioViewModel.swift */,
				1B6A3837293D3C510085CACC /* Rasengan.mp3 */,
				1B6A3839293D3E380085CACC /* Shinra Tensei.mp3 */,
				1B6A383B293D3E9B0085CACC /* Chidori.mp3 */,
				1B6A383D293D40390085CACC /* Kage Bunshin.mp3 */,
				1B6A383F293D40410085CACC /* Hiraishin.mp3 */,
				1B891590293D38B3007B3F60 /* Assets.xcassets */,
				1B891592293D38B3007B3F60 /* Preview Content */,
			);
			path = "Ninshu Watch App";
			sourceTree = "<group>";
		};
		1B891592293D38B3007B3F60 /* Preview Content */ = {
			isa = PBXGroup;
			children = (
				1B891593293D38B3007B3F60 /* Preview Assets.xcassets */,
			);
			path = "Preview Content";
			sourceTree = "<group>";
		};
/* End PBXGroup section */

/* Begin PBXNativeTarget section */
		1B891588293D38B1007B3F60 /* Ninshu Watch App */ = {
			isa = PBXNativeTarget;
			buildConfigurationList = 1B891597293D38B3007B3F60 /* Build configuration list for PBXNativeTarget "Ninshu Watch App" */;
			buildPhases = (
				1B891585293D38B1007B3F60 /* Sources */,
				1B891586293D38B1007B3F60 /* Frameworks */,
				1B891587293D38B1007B3F60 /* Resources */,
			);
			buildRules = (
			);
			dependencies = (
			);
			name = "Ninshu Watch App";
			productName = "Ninshu Watch App";
			productReference = 1B891589293D38B1007B3F60 /* Ninshu Watch App.app */;
			productType = "com.apple.product-type.application";
		};
/* End PBXNativeTarget section */

/* Begin PBXProject section */
		1B891581293D38B1007B3F60 /* Project object */ = {
			isa = PBXProject;
			attributes = {
				BuildIndependentTargetsInParallel = 1;
				LastSwiftUpdateCheck = 1410;
				LastUpgradeCheck = 1410;
				TargetAttributes = {
					1B891588293D38B1007B3F60 = {
						CreatedOnToolsVersion = 14.1;
					};
				};
			};
			buildConfigurationList = 1B891584293D38B1007B3F60 /* Build configuration list for PBXProject "Ninshu" */;
			compatibilityVersion = "Xcode 14.0";
			developmentRegion = en;
			hasScannedForEncodings = 0;
			knownRegions = (
				en,
				Base,
			);
			mainGroup = 1B891580293D38B1007B3F60;
			productRefGroup = 1B89158A293D38B1007B3F60 /* Products */;
			projectDirPath = "";
			projectRoot = "";
			targets = (
				1B891588293D38B1007B3F60 /* Ninshu Watch App */,
			);
		};
/* End PBXProject section */

/* Begin PBXResourcesBuildPhase section */
		1B891587293D38B1007B3F60 /* Resources */ = {
			isa = PBXResourcesBuildPhase;
			buildActionMask = 2147483647;
			files = (
				1B891594293D38B3007B3F60 /* Preview Assets.xcassets in Resources */,
				1B6A3838293D3C520085CACC /* Rasengan.mp3 in Resources */,
				1B6A383A293D3E380085CACC /* Shinra Tensei.mp3 in Resources */,
				1B6A3840293D40410085CACC /* Hiraishin.mp3 in Resources */,
				1B6A383E293D40390085CACC /* Kage Bunshin.mp3 in Resources */,
				1B891591293D38B3007B3F60 /* Assets.xcassets in Resources */,
				1B6A383C293D3E9B0085CACC /* Chidori.mp3 in Resources */,
			);
			runOnlyForDeploymentPostprocessing = 0;
		};
/* End PBXResourcesBuildPhase section */

/* Begin PBXSourcesBuildPhase section */
		1B891585293D38B1007B3F60 /* Sources */ = {
			isa = PBXSourcesBuildPhase;
			buildActionMask = 2147483647;
			files = (
				1B89158F293D38B1007B3F60 /* ContentView.swift in Sources */,
				1B6A3836293D3B4F0085CACC /* AudioViewModel.swift in Sources */,
				1B89158D293D38B1007B3F60 /* NinshuApp.swift in Sources */,
			);
			runOnlyForDeploymentPostprocessing = 0;
		};
/* End PBXSourcesBuildPhase section */

/* Begin XCBuildConfiguration section */
		1B891595293D38B3007B3F60 /* Debug */ = {
			isa = XCBuildConfiguration;
			buildSettings = {
				ALWAYS_SEARCH_USER_PATHS = NO;
				CLANG_ANALYZER_NONNULL = YES;
				CLANG_ANALYZER_NUMBER_OBJECT_CONVERSION = YES_AGGRESSIVE;
				CLANG_CXX_LANGUAGE_STANDARD = "gnu++20";
				CLANG_ENABLE_MODULES = YES;
				CLANG_ENABLE_OBJC_ARC = YES;
				CLANG_ENABLE_OBJC_WEAK = YES;
				CLANG_WARN_BLOCK_CAPTURE_AUTORELEASING = YES;
				CLANG_WARN_BOOL_CONVERSION = YES;
				CLANG_WARN_COMMA = YES;
				CLANG_WARN_CONSTANT_CONVERSION = YES;
				CLANG_WARN_DEPRECATED_OBJC_IMPLEMENTATIONS = YES;
				CLANG_WARN_DIRECT_OBJC_ISA_USAGE = YES_ERROR;
				CLANG_WARN_DOCUMENTATION_COMMENTS = YES;
				CLANG_WARN_EMPTY_BODY = YES;
				CLANG_WARN_ENUM_CONVERSION = YES;
				CLANG_WARN_INFINITE_RECURSION = YES;
				CLANG_WARN_INT_CONVERSION = YES;
				CLANG_WARN_NON_LITERAL_NULL_CONVERSION = YES;
				CLANG_WARN_OBJC_IMPLICIT_RETAIN_SELF = YES;
				CLANG_WARN_OBJC_LITERAL_CONVERSION = YES;
				CLANG_WARN_OBJC_ROOT_CLASS = YES_ERROR;
				CLANG_WARN_QUOTED_INCLUDE_IN_FRAMEWORK_HEADER = YES;
				CLANG_WARN_RANGE_LOOP_ANALYSIS = YES;
				CLANG_WARN_STRICT_PROTOTYPES = YES;
				CLANG_WARN_SUSPICIOUS_MOVE = YES;
				CLANG_WARN_UNGUARDED_AVAILABILITY = YES_AGGRESSIVE;
				CLANG_WARN_UNREACHABLE_CODE = YES;
				CLANG_WARN__DUPLICATE_METHOD_MATCH = YES;
				COPY_PHASE_STRIP = NO;
				DEBUG_INFORMATION_FORMAT = dwarf;
				ENABLE_STRICT_OBJC_MSGSEND = YES;
				ENABLE_TESTABILITY = YES;
				GCC_C_LANGUAGE_STANDARD = gnu11;
				GCC_DYNAMIC_NO_PIC = NO;
				GCC_NO_COMMON_BLOCKS = YES;
				GCC_OPTIMIZATION_LEVEL = 0;
				GCC_PREPROCESSOR_DEFINITIONS = (
					"DEBUG=1",
					"$(inherited)",
				);
				GCC_WARN_64_TO_32_BIT_CONVERSION = YES;
				GCC_WARN_ABOUT_RETURN_TYPE = YES_ERROR;
				GCC_WARN_UNDECLARED_SELECTOR = YES;
				GCC_WARN_UNINITIALIZED_AUTOS = YES_AGGRESSIVE;
				GCC_WARN_UNUSED_FUNCTION = YES;
				GCC_WARN_UNUSED_VARIABLE = YES;
				MTL_ENABLE_DEBUG_INFO = INCLUDE_SOURCE;
				MTL_FAST_MATH = YES;
				ONLY_ACTIVE_ARCH = YES;
				SWIFT_ACTIVE_COMPILATION_CONDITIONS = DEBUG;
				SWIFT_OPTIMIZATION_LEVEL = "-Onone";
			};
			name = Debug;
		};
		1B891596293D38B3007B3F60 /* Release */ = {
			isa = XCBuildConfiguration;
			buildSettings = {
				ALWAYS_SEARCH_USER_PATHS = NO;
				CLANG_ANALYZER_NONNULL = YES;
				CLANG_ANALYZER_NUMBER_OBJECT_CONVERSION = YES_AGGRESSIVE;
				CLANG_CXX_LANGUAGE_STANDARD = "gnu++20";
				CLANG_ENABLE_MODULES = YES;
				CLANG_ENABLE_OBJC_ARC = YES;
				CLANG_ENABLE_OBJC_WEAK = YES;
				CLANG_WARN_BLOCK_CAPTURE_AUTORELEASING = YES;
				CLANG_WARN_BOOL_CONVERSION = YES;
				CLANG_WARN_COMMA = YES;
				CLANG_WARN_CONSTANT_CONVERSION = YES;
				CLANG_WARN_DEPRECATED_OBJC_IMPLEMENTATIONS = YES;
				CLANG_WARN_DIRECT_OBJC_ISA_USAGE = YES_ERROR;
				CLANG_WARN_DOCUMENTATION_COMMENTS = YES;
				CLANG_WARN_EMPTY_BODY = YES;
				CLANG_WARN_ENUM_CONVERSION = YES;
				CLANG_WARN_INFINITE_RECURSION = YES;
				CLANG_WARN_INT_CONVERSION = YES;
				CLANG_WARN_NON_LITERAL_NULL_CONVERSION = YES;
				CLANG_WARN_OBJC_IMPLICIT_RETAIN_SELF = YES;
				CLANG_WARN_OBJC_LITERAL_CONVERSION = YES;
				CLANG_WARN_OBJC_ROOT_CLASS = YES_ERROR;
				CLANG_WARN_QUOTED_INCLUDE_IN_FRAMEWORK_HEADER = YES;
				CLANG_WARN_RANGE_LOOP_ANALYSIS = YES;
				CLANG_WARN_STRICT_PROTOTYPES = YES;
				CLANG_WARN_SUSPICIOUS_MOVE = YES;
				CLANG_WARN_UNGUARDED_AVAILABILITY = YES_AGGRESSIVE;
				CLANG_WARN_UNREACHABLE_CODE = YES;
				CLANG_WARN__DUPLICATE_METHOD_MATCH = YES;
				COPY_PHASE_STRIP = NO;
				DEBUG_INFORMATION_FORMAT = "dwarf-with-dsym";
				ENABLE_NS_ASSERTIONS = NO;
				ENABLE_STRICT_OBJC_MSGSEND = YES;
				GCC_C_LANGUAGE_STANDARD = gnu11;
				GCC_NO_COMMON_BLOCKS = YES;
				GCC_WARN_64_TO_32_BIT_CONVERSION = YES;
				GCC_WARN_ABOUT_RETURN_TYPE = YES_ERROR;
				GCC_WARN_UNDECLARED_SELECTOR = YES;
				GCC_WARN_UNINITIALIZED_AUTOS = YES_AGGRESSIVE;
				GCC_WARN_UNUSED_FUNCTION = YES;
				GCC_WARN_UNUSED_VARIABLE = YES;
				MTL_ENABLE_DEBUG_INFO = NO;
				MTL_FAST_MATH = YES;
				SWIFT_COMPILATION_MODE = wholemodule;
				SWIFT_OPTIMIZATION_LEVEL = "-O";
			};
			name = Release;
		};
		1B891598293D38B3007B3F60 /* Debug */ = {
			isa = XCBuildConfiguration;
			buildSettings = {
				ASSETCATALOG_COMPILER_APPICON_NAME = AppIcon;
				ASSETCATALOG_COMPILER_GLOBAL_ACCENT_COLOR_NAME = AccentColor;
				CODE_SIGN_STYLE = Automatic;
				CURRENT_PROJECT_VERSION = 1;
				DEVELOPMENT_ASSET_PATHS = "\"Ninshu Watch App/Preview Content\"";
				DEVELOPMENT_TEAM = GYMDP69744;
				ENABLE_PREVIEWS = YES;
				GENERATE_INFOPLIST_FILE = YES;
				INFOPLIST_KEY_CFBundleDisplayName = Ninshu;
				INFOPLIST_KEY_UISupportedInterfaceOrientations = "UIInterfaceOrientationPortrait UIInterfaceOrientationPortraitUpsideDown";
				INFOPLIST_KEY_WKCompanionAppBundleIdentifier = "";
				LD_RUNPATH_SEARCH_PATHS = (
					"$(inherited)",
					"@executable_path/Frameworks",
				);
				MARKETING_VERSION = 1.0;
				PRODUCT_BUNDLE_IDENTIFIER = com.pazzi.marina.Ninshu;
				PRODUCT_NAME = "$(TARGET_NAME)";
				SDKROOT = watchos;
				SKIP_INSTALL = YES;
				SWIFT_EMIT_LOC_STRINGS = YES;
				SWIFT_VERSION = 5.0;
				TARGETED_DEVICE_FAMILY = 4;
				WATCHOS_DEPLOYMENT_TARGET = 9.1;
			};
			name = Debug;
		};
		1B891599293D38B3007B3F60 /* Release */ = {
			isa = XCBuildConfiguration;
			buildSettings = {
				ASSETCATALOG_COMPILER_APPICON_NAME = AppIcon;
				ASSETCATALOG_COMPILER_GLOBAL_ACCENT_COLOR_NAME = AccentColor;
				CODE_SIGN_STYLE = Automatic;
				CURRENT_PROJECT_VERSION = 1;
				DEVELOPMENT_ASSET_PATHS = "\"Ninshu Watch App/Preview Content\"";
				DEVELOPMENT_TEAM = GYMDP69744;
				ENABLE_PREVIEWS = YES;
				GENERATE_INFOPLIST_FILE = YES;
				INFOPLIST_KEY_CFBundleDisplayName = Ninshu;
				INFOPLIST_KEY_UISupportedInterfaceOrientations = "UIInterfaceOrientationPortrait UIInterfaceOrientationPortraitUpsideDown";
				INFOPLIST_KEY_WKCompanionAppBundleIdentifier = "";
				LD_RUNPATH_SEARCH_PATHS = (
					"$(inherited)",
					"@executable_path/Frameworks",
				);
				MARKETING_VERSION = 1.0;
				PRODUCT_BUNDLE_IDENTIFIER = com.pazzi.marina.Ninshu;
				PRODUCT_NAME = "$(TARGET_NAME)";
				SDKROOT = watchos;
				SKIP_INSTALL = YES;
				SWIFT_EMIT_LOC_STRINGS = YES;
				SWIFT_VERSION = 5.0;
				TARGETED_DEVICE_FAMILY = 4;
				VALIDATE_PRODUCT = YES;
				WATCHOS_DEPLOYMENT_TARGET = 9.1;
			};
			name = Release;
		};
/* End XCBuildConfiguration section */

/* Begin XCConfigurationList section */
		1B891584293D38B1007B3F60 /* Build configuration list for PBXProject "Ninshu" */ = {
			isa = XCConfigurationList;
			buildConfigurations = (
				1B891595293D38B3007B3F60 /* Debug */,
				1B891596293D38B3007B3F60 /* Release */,
			);
			defaultConfigurationIsVisible = 0;
			defaultConfigurationName = Release;
		};
		1B891597293D38B3007B3F60 /* Build configuration list for PBXNativeTarget "Ninshu Watch App" */ = {
			isa = XCConfigurationList;
			buildConfigurations = (
				1B891598293D38B3007B3F60 /* Debug */,
				1B891599293D38B3007B3F60 /* Release */,
			);
			defaultConfigurationIsVisible = 0;
			defaultConfigurationName = Release;
		};
/* End XCConfigurationList section */
	};
	rootObject = 1B891581293D38B1007B3F60 /* Project object */;
}
