// !$*UTF8*$!
{
	archiveVersion = 1;
	classes = {
	};
	objectVersion = 56;
	objects = {

/* Begin PBXBuildFile section */
		1BE9E36F293E7D9100AA9AF4 /* Ninshu Watch App.app in Embed Watch Content */ = {isa = PBXBuildFile; fileRef = 1BE9E36E293E7D9100AA9AF4 /* Ninshu Watch App.app */; settings = {ATTRIBUTES = (RemoveHeadersOnCopy, ); }; };
		1BE9E374293E7D9100AA9AF4 /* NinshuApp.swift in Sources */ = {isa = PBXBuildFile; fileRef = 1BE9E373293E7D9100AA9AF4 /* NinshuApp.swift */; };
		1BE9E376293E7D9100AA9AF4 /* ContentView.swift in Sources */ = {isa = PBXBuildFile; fileRef = 1BE9E375293E7D9100AA9AF4 /* ContentView.swift */; };
		1BE9E378293E7D9200AA9AF4 /* Assets.xcassets in Resources */ = {isa = PBXBuildFile; fileRef = 1BE9E377293E7D9200AA9AF4 /* Assets.xcassets */; };
		1BE9E37B293E7D9200AA9AF4 /* Preview Assets.xcassets in Resources */ = {isa = PBXBuildFile; fileRef = 1BE9E37A293E7D9200AA9AF4 /* Preview Assets.xcassets */; };
		1BE9E38B293E7DF300AA9AF4 /* Hiraishin.mp3 in Resources */ = {isa = PBXBuildFile; fileRef = 1BE9E385293E7DF300AA9AF4 /* Hiraishin.mp3 */; };
		1BE9E38C293E7DF300AA9AF4 /* Shinra Tensei.mp3 in Resources */ = {isa = PBXBuildFile; fileRef = 1BE9E386293E7DF300AA9AF4 /* Shinra Tensei.mp3 */; };
		1BE9E38D293E7DF300AA9AF4 /* Rasengan.mp3 in Resources */ = {isa = PBXBuildFile; fileRef = 1BE9E387293E7DF300AA9AF4 /* Rasengan.mp3 */; };
		1BE9E38E293E7DF300AA9AF4 /* AudioViewModel.swift in Sources */ = {isa = PBXBuildFile; fileRef = 1BE9E388293E7DF300AA9AF4 /* AudioViewModel.swift */; };
		1BE9E38F293E7DF300AA9AF4 /* Kage Bunshin.mp3 in Resources */ = {isa = PBXBuildFile; fileRef = 1BE9E389293E7DF300AA9AF4 /* Kage Bunshin.mp3 */; };
		1BE9E390293E7DF300AA9AF4 /* Chidori.mp3 in Resources */ = {isa = PBXBuildFile; fileRef = 1BE9E38A293E7DF300AA9AF4 /* Chidori.mp3 */; };
/* End PBXBuildFile section */

/* Begin PBXContainerItemProxy section */
		1BE9E370293E7D9100AA9AF4 /* PBXContainerItemProxy */ = {
			isa = PBXContainerItemProxy;
			containerPortal = 1BE9E362293E7D9000AA9AF4 /* Project object */;
			proxyType = 1;
			remoteGlobalIDString = 1BE9E36D293E7D9100AA9AF4;
			remoteInfo = "Ninshu Watch App";
		};
/* End PBXContainerItemProxy section */

/* Begin PBXCopyFilesBuildPhase section */
		1BE9E381293E7D9200AA9AF4 /* Embed Watch Content */ = {
			isa = PBXCopyFilesBuildPhase;
			buildActionMask = 2147483647;
			dstPath = "$(CONTENTS_FOLDER_PATH)/Watch";
			dstSubfolderSpec = 16;
			files = (
				1BE9E36F293E7D9100AA9AF4 /* Ninshu Watch App.app in Embed Watch Content */,
			);
			name = "Embed Watch Content";
			runOnlyForDeploymentPostprocessing = 0;
		};
/* End PBXCopyFilesBuildPhase section */

/* Begin PBXFileReference section */
		1BE9E368293E7D9100AA9AF4 /* Ninshu.app */ = {isa = PBXFileReference; explicitFileType = wrapper.application; includeInIndex = 0; path = Ninshu.app; sourceTree = BUILT_PRODUCTS_DIR; };
		1BE9E36E293E7D9100AA9AF4 /* Ninshu Watch App.app */ = {isa = PBXFileReference; explicitFileType = wrapper.application; includeInIndex = 0; path = "Ninshu Watch App.app"; sourceTree = BUILT_PRODUCTS_DIR; };
		1BE9E373293E7D9100AA9AF4 /* NinshuApp.swift */ = {isa = PBXFileReference; lastKnownFileType = sourcecode.swift; path = NinshuApp.swift; sourceTree = "<group>"; };
		1BE9E375293E7D9100AA9AF4 /* ContentView.swift */ = {isa = PBXFileReference; lastKnownFileType = sourcecode.swift; path = ContentView.swift; sourceTree = "<group>"; };
		1BE9E377293E7D9200AA9AF4 /* Assets.xcassets */ = {isa = PBXFileReference; lastKnownFileType = folder.assetcatalog; path = Assets.xcassets; sourceTree = "<group>"; };
		1BE9E37A293E7D9200AA9AF4 /* Preview Assets.xcassets */ = {isa = PBXFileReference; lastKnownFileType = folder.assetcatalog; path = "Preview Assets.xcassets"; sourceTree = "<group>"; };
		1BE9E385293E7DF300AA9AF4 /* Hiraishin.mp3 */ = {isa = PBXFileReference; lastKnownFileType = audio.mp3; path = Hiraishin.mp3; sourceTree = "<group>"; };
		1BE9E386293E7DF300AA9AF4 /* Shinra Tensei.mp3 */ = {isa = PBXFileReference; lastKnownFileType = audio.mp3; path = "Shinra Tensei.mp3"; sourceTree = "<group>"; };
		1BE9E387293E7DF300AA9AF4 /* Rasengan.mp3 */ = {isa = PBXFileReference; lastKnownFileType = audio.mp3; path = Rasengan.mp3; sourceTree = "<group>"; };
		1BE9E388293E7DF300AA9AF4 /* AudioViewModel.swift */ = {isa = PBXFileReference; fileEncoding = 4; lastKnownFileType = sourcecode.swift; path = AudioViewModel.swift; sourceTree = "<group>"; };
		1BE9E389293E7DF300AA9AF4 /* Kage Bunshin.mp3 */ = {isa = PBXFileReference; lastKnownFileType = audio.mp3; path = "Kage Bunshin.mp3"; sourceTree = "<group>"; };
		1BE9E38A293E7DF300AA9AF4 /* Chidori.mp3 */ = {isa = PBXFileReference; lastKnownFileType = audio.mp3; path = Chidori.mp3; sourceTree = "<group>"; };
/* End PBXFileReference section */

/* Begin PBXFrameworksBuildPhase section */
		1BE9E36B293E7D9100AA9AF4 /* Frameworks */ = {
			isa = PBXFrameworksBuildPhase;
			buildActionMask = 2147483647;
			files = (
			);
			runOnlyForDeploymentPostprocessing = 0;
		};
/* End PBXFrameworksBuildPhase section */

/* Begin PBXGroup section */
		1BE9E361293E7D9000AA9AF4 = {
			isa = PBXGroup;
			children = (
				1BE9E372293E7D9100AA9AF4 /* Ninshu Watch App */,
				1BE9E369293E7D9100AA9AF4 /* Products */,
			);
			sourceTree = "<group>";
		};
		1BE9E369293E7D9100AA9AF4 /* Products */ = {
			isa = PBXGroup;
			children = (
				1BE9E368293E7D9100AA9AF4 /* Ninshu.app */,
				1BE9E36E293E7D9100AA9AF4 /* Ninshu Watch App.app */,
			);
			name = Products;
			sourceTree = "<group>";
		};
		1BE9E372293E7D9100AA9AF4 /* Ninshu Watch App */ = {
			isa = PBXGroup;
			children = (
				1BE9E373293E7D9100AA9AF4 /* NinshuApp.swift */,
				1BE9E375293E7D9100AA9AF4 /* ContentView.swift */,
				1BE9E388293E7DF300AA9AF4 /* AudioViewModel.swift */,
				1BE9E38A293E7DF300AA9AF4 /* Chidori.mp3 */,
				1BE9E385293E7DF300AA9AF4 /* Hiraishin.mp3 */,
				1BE9E389293E7DF300AA9AF4 /* Kage Bunshin.mp3 */,
				1BE9E387293E7DF300AA9AF4 /* Rasengan.mp3 */,
				1BE9E386293E7DF300AA9AF4 /* Shinra Tensei.mp3 */,
				1BE9E377293E7D9200AA9AF4 /* Assets.xcassets */,
				1BE9E379293E7D9200AA9AF4 /* Preview Content */,
			);
			path = "Ninshu Watch App";
			sourceTree = "<group>";
		};
		1BE9E379293E7D9200AA9AF4 /* Preview Content */ = {
			isa = PBXGroup;
			children = (
				1BE9E37A293E7D9200AA9AF4 /* Preview Assets.xcassets */,
			);
			path = "Preview Content";
			sourceTree = "<group>";
		};
/* End PBXGroup section */

/* Begin PBXNativeTarget section */
		1BE9E367293E7D9100AA9AF4 /* Ninshu */ = {
			isa = PBXNativeTarget;
			buildConfigurationList = 1BE9E382293E7D9200AA9AF4 /* Build configuration list for PBXNativeTarget "Ninshu" */;
			buildPhases = (
				1BE9E366293E7D9100AA9AF4 /* Resources */,
				1BE9E381293E7D9200AA9AF4 /* Embed Watch Content */,
			);
			buildRules = (
			);
			dependencies = (
				1BE9E371293E7D9100AA9AF4 /* PBXTargetDependency */,
			);
			name = Ninshu;
			productName = Ninshu;
			productReference = 1BE9E368293E7D9100AA9AF4 /* Ninshu.app */;
			productType = "com.apple.product-type.application.watchapp2-container";
		};
		1BE9E36D293E7D9100AA9AF4 /* Ninshu Watch App */ = {
			isa = PBXNativeTarget;
			buildConfigurationList = 1BE9E37E293E7D9200AA9AF4 /* Build configuration list for PBXNativeTarget "Ninshu Watch App" */;
			buildPhases = (
				1BE9E36A293E7D9100AA9AF4 /* Sources */,
				1BE9E36B293E7D9100AA9AF4 /* Frameworks */,
				1BE9E36C293E7D9100AA9AF4 /* Resources */,
			);
			buildRules = (
			);
			dependencies = (
			);
			name = "Ninshu Watch App";
			productName = "Ninshu Watch App";
			productReference = 1BE9E36E293E7D9100AA9AF4 /* Ninshu Watch App.app */;
			productType = "com.apple.product-type.application";
		};
/* End PBXNativeTarget section */

/* Begin PBXProject section */
		1BE9E362293E7D9000AA9AF4 /* Project object */ = {
			isa = PBXProject;
			attributes = {
				BuildIndependentTargetsInParallel = 1;
				LastSwiftUpdateCheck = 1410;
				LastUpgradeCheck = 1410;
				TargetAttributes = {
					1BE9E367293E7D9100AA9AF4 = {
						CreatedOnToolsVersion = 14.1;
					};
					1BE9E36D293E7D9100AA9AF4 = {
						CreatedOnToolsVersion = 14.1;
					};
				};
			};
			buildConfigurationList = 1BE9E365293E7D9000AA9AF4 /* Build configuration list for PBXProject "Ninshu" */;
			compatibilityVersion = "Xcode 14.0";
			developmentRegion = en;
			hasScannedForEncodings = 0;
			knownRegions = (
				en,
				Base,
			);
			mainGroup = 1BE9E361293E7D9000AA9AF4;
			productRefGroup = 1BE9E369293E7D9100AA9AF4 /* Products */;
			projectDirPath = "";
			projectRoot = "";
			targets = (
				1BE9E367293E7D9100AA9AF4 /* Ninshu */,
				1BE9E36D293E7D9100AA9AF4 /* Ninshu Watch App */,
			);
		};
/* End PBXProject section */

/* Begin PBXResourcesBuildPhase section */
		1BE9E366293E7D9100AA9AF4 /* Resources */ = {
			isa = PBXResourcesBuildPhase;
			buildActionMask = 2147483647;
			files = (
			);
			runOnlyForDeploymentPostprocessing = 0;
		};
		1BE9E36C293E7D9100AA9AF4 /* Resources */ = {
			isa = PBXResourcesBuildPhase;
			buildActionMask = 2147483647;
			files = (
				1BE9E38D293E7DF300AA9AF4 /* Rasengan.mp3 in Resources */,
				1BE9E38C293E7DF300AA9AF4 /* Shinra Tensei.mp3 in Resources */,
				1BE9E37B293E7D9200AA9AF4 /* Preview Assets.xcassets in Resources */,
				1BE9E38F293E7DF300AA9AF4 /* Kage Bunshin.mp3 in Resources */,
				1BE9E378293E7D9200AA9AF4 /* Assets.xcassets in Resources */,
				1BE9E390293E7DF300AA9AF4 /* Chidori.mp3 in Resources */,
				1BE9E38B293E7DF300AA9AF4 /* Hiraishin.mp3 in Resources */,
			);
			runOnlyForDeploymentPostprocessing = 0;
		};
/* End PBXResourcesBuildPhase section */

/* Begin PBXSourcesBuildPhase section */
		1BE9E36A293E7D9100AA9AF4 /* Sources */ = {
			isa = PBXSourcesBuildPhase;
			buildActionMask = 2147483647;
			files = (
				1BE9E376293E7D9100AA9AF4 /* ContentView.swift in Sources */,
				1BE9E38E293E7DF300AA9AF4 /* AudioViewModel.swift in Sources */,
				1BE9E374293E7D9100AA9AF4 /* NinshuApp.swift in Sources */,
			);
			runOnlyForDeploymentPostprocessing = 0;
		};
/* End PBXSourcesBuildPhase section */

/* Begin PBXTargetDependency section */
		1BE9E371293E7D9100AA9AF4 /* PBXTargetDependency */ = {
			isa = PBXTargetDependency;
			target = 1BE9E36D293E7D9100AA9AF4 /* Ninshu Watch App */;
			targetProxy = 1BE9E370293E7D9100AA9AF4 /* PBXContainerItemProxy */;
		};
/* End PBXTargetDependency section */

/* Begin XCBuildConfiguration section */
		1BE9E37C293E7D9200AA9AF4 /* Debug */ = {
			isa = XCBuildConfiguration;
			buildSettings = {
				ALWAYS_SEARCH_USER_PATHS = NO;
				CLANG_ANALYZER_NONNULL = YES;
				CLANG_ANALYZER_NUMBER_OBJECT_CONVERSION = YES_AGGRESSIVE;
				CLANG_CXX_LANGUAGE_STANDARD = "gnu++20";
				CLANG_ENABLE_MODULES = YES;
				CLANG_ENABLE_OBJC_ARC = YES;
				CLANG_ENABLE_OBJC_WEAK = YES;
				CLANG_WARN_BLOCK_CAPTURE_AUTORELEASING = YES;
				CLANG_WARN_BOOL_CONVERSION = YES;
				CLANG_WARN_COMMA = YES;
				CLANG_WARN_CONSTANT_CONVERSION = YES;
				CLANG_WARN_DEPRECATED_OBJC_IMPLEMENTATIONS = YES;
				CLANG_WARN_DIRECT_OBJC_ISA_USAGE = YES_ERROR;
				CLANG_WARN_DOCUMENTATION_COMMENTS = YES;
				CLANG_WARN_EMPTY_BODY = YES;
				CLANG_WARN_ENUM_CONVERSION = YES;
				CLANG_WARN_INFINITE_RECURSION = YES;
				CLANG_WARN_INT_CONVERSION = YES;
				CLANG_WARN_NON_LITERAL_NULL_CONVERSION = YES;
				CLANG_WARN_OBJC_IMPLICIT_RETAIN_SELF = YES;
				CLANG_WARN_OBJC_LITERAL_CONVERSION = YES;
				CLANG_WARN_OBJC_ROOT_CLASS = YES_ERROR;
				CLANG_WARN_QUOTED_INCLUDE_IN_FRAMEWORK_HEADER = YES;
				CLANG_WARN_RANGE_LOOP_ANALYSIS = YES;
				CLANG_WARN_STRICT_PROTOTYPES = YES;
				CLANG_WARN_SUSPICIOUS_MOVE = YES;
				CLANG_WARN_UNGUARDED_AVAILABILITY = YES_AGGRESSIVE;
				CLANG_WARN_UNREACHABLE_CODE = YES;
				CLANG_WARN__DUPLICATE_METHOD_MATCH = YES;
				COPY_PHASE_STRIP = NO;
				DEBUG_INFORMATION_FORMAT = dwarf;
				ENABLE_STRICT_OBJC_MSGSEND = YES;
				ENABLE_TESTABILITY = YES;
				GCC_C_LANGUAGE_STANDARD = gnu11;
				GCC_DYNAMIC_NO_PIC = NO;
				GCC_NO_COMMON_BLOCKS = YES;
				GCC_OPTIMIZATION_LEVEL = 0;
				GCC_PREPROCESSOR_DEFINITIONS = (
					"DEBUG=1",
					"$(inherited)",
				);
				GCC_WARN_64_TO_32_BIT_CONVERSION = YES;
				GCC_WARN_ABOUT_RETURN_TYPE = YES_ERROR;
				GCC_WARN_UNDECLARED_SELECTOR = YES;
				GCC_WARN_UNINITIALIZED_AUTOS = YES_AGGRESSIVE;
				GCC_WARN_UNUSED_FUNCTION = YES;
				GCC_WARN_UNUSED_VARIABLE = YES;
				MTL_ENABLE_DEBUG_INFO = INCLUDE_SOURCE;
				MTL_FAST_MATH = YES;
				ONLY_ACTIVE_ARCH = YES;
				SWIFT_ACTIVE_COMPILATION_CONDITIONS = DEBUG;
				SWIFT_OPTIMIZATION_LEVEL = "-Onone";
			};
			name = Debug;
		};
		1BE9E37D293E7D9200AA9AF4 /* Release */ = {
			isa = XCBuildConfiguration;
			buildSettings = {
				ALWAYS_SEARCH_USER_PATHS = NO;
				CLANG_ANALYZER_NONNULL = YES;
				CLANG_ANALYZER_NUMBER_OBJECT_CONVERSION = YES_AGGRESSIVE;
				CLANG_CXX_LANGUAGE_STANDARD = "gnu++20";
				CLANG_ENABLE_MODULES = YES;
				CLANG_ENABLE_OBJC_ARC = YES;
				CLANG_ENABLE_OBJC_WEAK = YES;
				CLANG_WARN_BLOCK_CAPTURE_AUTORELEASING = YES;
				CLANG_WARN_BOOL_CONVERSION = YES;
				CLANG_WARN_COMMA = YES;
				CLANG_WARN_CONSTANT_CONVERSION = YES;
				CLANG_WARN_DEPRECATED_OBJC_IMPLEMENTATIONS = YES;
				CLANG_WARN_DIRECT_OBJC_ISA_USAGE = YES_ERROR;
				CLANG_WARN_DOCUMENTATION_COMMENTS = YES;
				CLANG_WARN_EMPTY_BODY = YES;
				CLANG_WARN_ENUM_CONVERSION = YES;
				CLANG_WARN_INFINITE_RECURSION = YES;
				CLANG_WARN_INT_CONVERSION = YES;
				CLANG_WARN_NON_LITERAL_NULL_CONVERSION = YES;
				CLANG_WARN_OBJC_IMPLICIT_RETAIN_SELF = YES;
				CLANG_WARN_OBJC_LITERAL_CONVERSION = YES;
				CLANG_WARN_OBJC_ROOT_CLASS = YES_ERROR;
				CLANG_WARN_QUOTED_INCLUDE_IN_FRAMEWORK_HEADER = YES;
				CLANG_WARN_RANGE_LOOP_ANALYSIS = YES;
				CLANG_WARN_STRICT_PROTOTYPES = YES;
				CLANG_WARN_SUSPICIOUS_MOVE = YES;
				CLANG_WARN_UNGUARDED_AVAILABILITY = YES_AGGRESSIVE;
				CLANG_WARN_UNREACHABLE_CODE = YES;
				CLANG_WARN__DUPLICATE_METHOD_MATCH = YES;
				COPY_PHASE_STRIP = NO;
				DEBUG_INFORMATION_FORMAT = "dwarf-with-dsym";
				ENABLE_NS_ASSERTIONS = NO;
				ENABLE_STRICT_OBJC_MSGSEND = YES;
				GCC_C_LANGUAGE_STANDARD = gnu11;
				GCC_NO_COMMON_BLOCKS = YES;
				GCC_WARN_64_TO_32_BIT_CONVERSION = YES;
				GCC_WARN_ABOUT_RETURN_TYPE = YES_ERROR;
				GCC_WARN_UNDECLARED_SELECTOR = YES;
				GCC_WARN_UNINITIALIZED_AUTOS = YES_AGGRESSIVE;
				GCC_WARN_UNUSED_FUNCTION = YES;
				GCC_WARN_UNUSED_VARIABLE = YES;
				MTL_ENABLE_DEBUG_INFO = NO;
				MTL_FAST_MATH = YES;
				SWIFT_COMPILATION_MODE = wholemodule;
				SWIFT_OPTIMIZATION_LEVEL = "-O";
			};
			name = Release;
		};
		1BE9E37F293E7D9200AA9AF4 /* Debug */ = {
			isa = XCBuildConfiguration;
			buildSettings = {
				ASSETCATALOG_COMPILER_APPICON_NAME = AppIcon;
				ASSETCATALOG_COMPILER_GLOBAL_ACCENT_COLOR_NAME = AccentColor;
				CODE_SIGN_STYLE = Automatic;
				CURRENT_PROJECT_VERSION = 1;
				DEVELOPMENT_ASSET_PATHS = "\"Ninshu Watch App/Preview Content\"";
				DEVELOPMENT_TEAM = GYMDP69744;
				ENABLE_PREVIEWS = YES;
				GENERATE_INFOPLIST_FILE = YES;
				INFOPLIST_KEY_CFBundleDisplayName = Ninshu;
				INFOPLIST_KEY_UISupportedInterfaceOrientations = "UIInterfaceOrientationPortrait UIInterfaceOrientationPortraitUpsideDown";
				INFOPLIST_KEY_WKWatchOnly = YES;
				LD_RUNPATH_SEARCH_PATHS = (
					"$(inherited)",
					"@executable_path/Frameworks",
				);
				MARKETING_VERSION = 1.0;
				PRODUCT_BUNDLE_IDENTIFIER = com.pazzi.marina.Ninshu.watchkitapp;
				PRODUCT_NAME = "$(TARGET_NAME)";
				SDKROOT = watchos;
				SKIP_INSTALL = YES;
				SWIFT_EMIT_LOC_STRINGS = YES;
				SWIFT_VERSION = 5.0;
				TARGETED_DEVICE_FAMILY = 4;
				WATCHOS_DEPLOYMENT_TARGET = 9.1;
			};
			name = Debug;
		};
		1BE9E380293E7D9200AA9AF4 /* Release */ = {
			isa = XCBuildConfiguration;
			buildSettings = {
				ASSETCATALOG_COMPILER_APPICON_NAME = AppIcon;
				ASSETCATALOG_COMPILER_GLOBAL_ACCENT_COLOR_NAME = AccentColor;
				CODE_SIGN_STYLE = Automatic;
				CURRENT_PROJECT_VERSION = 1;
				DEVELOPMENT_ASSET_PATHS = "\"Ninshu Watch App/Preview Content\"";
				DEVELOPMENT_TEAM = GYMDP69744;
				ENABLE_PREVIEWS = YES;
				GENERATE_INFOPLIST_FILE = YES;
				INFOPLIST_KEY_CFBundleDisplayName = Ninshu;
				INFOPLIST_KEY_UISupportedInterfaceOrientations = "UIInterfaceOrientationPortrait UIInterfaceOrientationPortraitUpsideDown";
				INFOPLIST_KEY_WKWatchOnly = YES;
				LD_RUNPATH_SEARCH_PATHS = (
					"$(inherited)",
					"@executable_path/Frameworks",
				);
				MARKETING_VERSION = 1.0;
				PRODUCT_BUNDLE_IDENTIFIER = com.pazzi.marina.Ninshu.watchkitapp;
				PRODUCT_NAME = "$(TARGET_NAME)";
				SDKROOT = watchos;
				SKIP_INSTALL = YES;
				SWIFT_EMIT_LOC_STRINGS = YES;
				SWIFT_VERSION = 5.0;
				TARGETED_DEVICE_FAMILY = 4;
				VALIDATE_PRODUCT = YES;
				WATCHOS_DEPLOYMENT_TARGET = 9.1;
			};
			name = Release;
		};
		1BE9E383293E7D9200AA9AF4 /* Debug */ = {
			isa = XCBuildConfiguration;
			buildSettings = {
				ALWAYS_EMBED_SWIFT_STANDARD_LIBRARIES = YES;
				CODE_SIGN_STYLE = Automatic;
				CURRENT_PROJECT_VERSION = 1;
				DEVELOPMENT_TEAM = GYMDP69744;
				INFOPLIST_KEY_CFBundleDisplayName = Ninshu;
				MARKETING_VERSION = 1.0;
				PRODUCT_BUNDLE_IDENTIFIER = com.pazzi.marina.Ninshu;
				PRODUCT_NAME = "$(TARGET_NAME)";
				SDKROOT = iphoneos;
				SWIFT_VERSION = 5.0;
			};
			name = Debug;
		};
		1BE9E384293E7D9200AA9AF4 /* Release */ = {
			isa = XCBuildConfiguration;
			buildSettings = {
				ALWAYS_EMBED_SWIFT_STANDARD_LIBRARIES = YES;
				CODE_SIGN_STYLE = Automatic;
				CURRENT_PROJECT_VERSION = 1;
				DEVELOPMENT_TEAM = GYMDP69744;
				INFOPLIST_KEY_CFBundleDisplayName = Ninshu;
				MARKETING_VERSION = 1.0;
				PRODUCT_BUNDLE_IDENTIFIER = com.pazzi.marina.Ninshu;
				PRODUCT_NAME = "$(TARGET_NAME)";
				SDKROOT = iphoneos;
				SWIFT_VERSION = 5.0;
				VALIDATE_PRODUCT = YES;
			};
			name = Release;
		};
/* End XCBuildConfiguration section */

/* Begin XCConfigurationList section */
		1BE9E365293E7D9000AA9AF4 /* Build configuration list for PBXProject "Ninshu" */ = {
			isa = XCConfigurationList;
			buildConfigurations = (
				1BE9E37C293E7D9200AA9AF4 /* Debug */,
				1BE9E37D293E7D9200AA9AF4 /* Release */,
			);
			defaultConfigurationIsVisible = 0;
			defaultConfigurationName = Release;
		};
		1BE9E37E293E7D9200AA9AF4 /* Build configuration list for PBXNativeTarget "Ninshu Watch App" */ = {
			isa = XCConfigurationList;
			buildConfigurations = (
				1BE9E37F293E7D9200AA9AF4 /* Debug */,
				1BE9E380293E7D9200AA9AF4 /* Release */,
			);
			defaultConfigurationIsVisible = 0;
			defaultConfigurationName = Release;
		};
		1BE9E382293E7D9200AA9AF4 /* Build configuration list for PBXNativeTarget "Ninshu" */ = {
			isa = XCConfigurationList;
			buildConfigurations = (
				1BE9E383293E7D9200AA9AF4 /* Debug */,
				1BE9E384293E7D9200AA9AF4 /* Release */,
			);
			defaultConfigurationIsVisible = 0;
			defaultConfigurationName = Release;
		};
/* End XCConfigurationList section */
	};
	rootObject = 1BE9E362293E7D9000AA9AF4 /* Project object */;
}
